<?xml version="1.0" encoding="utf-8"?>
<Project ToolsVersion="4.0" xmlns="http://schemas.microsoft.com/developer/msbuild/2003">
  <ItemGroup>
    <Filter Include="Source Files">
      <UniqueIdentifier>{4FC737F1-C7A5-4376-A066-2A32D752A2FF}</UniqueIdentifier>
      <Extensions>cpp;c;cc;cxx;def;odl;idl;hpj;bat;asm;asmx</Extensions>
    </Filter>
    <Filter Include="Resource Files">
      <UniqueIdentifier>{67DA6AB6-F800-4c08-8B7A-83BB121AAD01}</UniqueIdentifier>
      <Extensions>rc;ico;cur;bmp;dlg;rc2;rct;bin;rgs;gif;jpg;jpeg;jpe;resx;tiff;tif;png;wav;mfcribbon-ms</Extensions>
    </Filter>
    <Filter Include="Driver Files">
      <UniqueIdentifier>{8E41214B-6785-4CFE-B992-037D68949A14}</UniqueIdentifier>
      <Extensions>inf;inv;inx;mof;mc;</Extensions>
    </Filter>
    <Filter Include="Utils">
      <UniqueIdentifier>{c07dd4cd-72a3-415c-89f8-a9d451b38fc5}</UniqueIdentifier>
    </Filter>
    <Filter Include="Utils\Collections">
      <UniqueIdentifier>{5873d9e3-b0f2-4d76-abd7-6dd9115f0d12}</UniqueIdentifier>
    </Filter>
    <Filter Include="Filters">
      <UniqueIdentifier>{961554eb-2df3-4c3c-a5d0-b3c85983ca92}</UniqueIdentifier>
    </Filter>
    <Filter Include="Plugins">
      <UniqueIdentifier>{5029c60d-4dad-45b6-b9f3-1c675f3075e2}</UniqueIdentifier>
    </Filter>
    <Filter Include="Plugins\EventCollector">
      <UniqueIdentifier>{35cd66aa-9e75-4439-bf0b-77773f011a1a}</UniqueIdentifier>
    </Filter>
    <Filter Include="Utils\Locks">
      <UniqueIdentifier>{344ad40f-14de-4ab7-b9fc-cf1d86306ed8}</UniqueIdentifier>
    </Filter>
    <Filter Include="Plugins\EventCollector\Events">
      <UniqueIdentifier>{94ed202d-689e-4440-94d7-2c3da5192ea0}</UniqueIdentifier>
    </Filter>
  </ItemGroup>
  <ItemGroup>
    <Inf Include="EPDriver.inf">
      <Filter>Driver Files</Filter>
    </Inf>
  </ItemGroup>
  <ItemGroup>
    <ClCompile Include="DriverEntry.cpp">
      <Filter>Source Files</Filter>
    </ClCompile>
    <ClCompile Include="stdafx.cpp">
      <Filter>Source Files</Filter>
    </ClCompile>
    <ClCompile Include="Filters\ProcessFilter.cpp">
      <Filter>Filters</Filter>
    </ClCompile>
    <ClCompile Include="Plugins\EventCollector\EventCollector.cpp">
      <Filter>Plugins\EventCollector</Filter>
    </ClCompile>
    <ClCompile Include="MiniFilter.cpp">
      <Filter>Source Files</Filter>
    </ClCompile>
    <ClCompile Include="Utils\Locks\EresourceLock.cpp">
      <Filter>Utils\Locks</Filter>
    </ClCompile>
    <ClCompile Include="Plugins\EventCollector\EventCollectorProcess.cpp">
      <Filter>Plugins\EventCollector</Filter>
    </ClCompile>
  </ItemGroup>
  <ItemGroup>
    <ClInclude Include="Utils\Collections\List.h">
      <Filter>Utils\Collections</Filter>
    </ClInclude>
    <ClInclude Include="Filters\ProcessFilter.h">
      <Filter>Filters</Filter>
    </ClInclude>
    <ClInclude Include="Plugins\EventCollector\EventCollector.h">
      <Filter>Plugins\EventCollector</Filter>
    </ClInclude>
    <ClInclude Include="stdafx.h">
      <Filter>Source Files</Filter>
    </ClInclude>
    <ClInclude Include="MiniFilter.h">
      <Filter>Source Files</Filter>
    </ClInclude>
    <ClInclude Include="Utils\Locks\EresourceLock.h">
      <Filter>Utils\Locks</Filter>
    </ClInclude>
    <ClInclude Include="Plugins\EventCollector\EventCollectorProcess.h">
      <Filter>Plugins\EventCollector</Filter>
    </ClInclude>
    <ClInclude Include="Plugins\EventCollector\Events\Events.h">
      <Filter>Plugins\EventCollector\Events</Filter>
    </ClInclude>
  </ItemGroup>
</Project>